{
  "name": "@black-magius/hello-world-npm",
  "version": "1.0.1",
  "lockfileVersion": 2,
  "requires": true,
  "packages": {
    "": {
      "name": "@black-magius/hello-world-npm",
      "version": "1.0.1",
      "license": "gpl2",
      "dependencies": {
        "@black-magius/hello-world-npm": "^1.0.1"
      }
    },
    "node_modules/@black-magius/hello-world-npm": {
      "version": "1.0.1",
      "resolved": "https://npm.pkg.github.com/download/@black-magius/hello-world-npm/1.0.1/238afb71de4dcd9a487796f04eee4795bac2018f43de94e749ce940c1024af21",
      "integrity": "sha512-X3yVe0IJCNWLsLGghNu0ptUfgCK0++BUqEnTVsppSKDOFsMTxEag2O9mcMznrXwjosxYrEpsBJQhf+eeVrpVkQ==",
      "license": "gpl2"
    }
  },
  "dependencies": {
    "@black-magius/hello-world-npm": {
      "version": "1.0.1",
      "resolved": "https://npm.pkg.github.com/download/@black-magius/hello-world-npm/1.0.1/238afb71de4dcd9a487796f04eee4795bac2018f43de94e749ce940c1024af21",
      "integrity": "sha512-X3yVe0IJCNWLsLGghNu0ptUfgCK0++BUqEnTVsppSKDOFsMTxEag2O9mcMznrXwjosxYrEpsBJQhf+eeVrpVkQ=="
    }
  }
}
